
Microsoft Visual Studio Solution File, Format Version 12.00
# Visual Studio Version 16
VisualStudioVersion = 16.0.30907.101
MinimumVisualStudioVersion = 10.0.40219.1
Project("{FAE04EC0-301F-11D3-BF4B-00C04F79EFBC}") = "20220314", "20220314\20220314.csproj", "{E5F14CC1-211B-49F3-8911-D1CAB1AB661B}"
EndProject
Global
	GlobalSection(SolutionConfigurationPlatforms) = preSolution
		Debug|Any CPU = Debug|Any CPU
		Release|Any CPU = Release|Any CPU
	EndGlobalSection
	GlobalSection(ProjectConfigurationPlatforms) = postSolution
		{E5F14CC1-211B-49F3-8911-D1CAB1AB661B}.Debug|Any CPU.ActiveCfg = Debug|Any CPU
		{E5F14CC1-211B-49F3-8911-D1CAB1AB661B}.Debug|Any CPU.Build.0 = Debug|Any CPU
		{E5F14CC1-211B-49F3-8911-D1CAB1AB661B}.Release|Any CPU.ActiveCfg = Release|Any CPU
		{E5F14CC1-211B-49F3-8911-D1CAB1AB661B}.Release|Any CPU.Build.0 = Release|Any CPU
	EndGlobalSection
	GlobalSection(SolutionProperties) = preSolution
		HideSolutionNode = FALSE
	EndGlobalSection
	GlobalSection(ExtensibilityGlobals) = postSolution
		SolutionGuid = {9E33E5F1-66DA-4B73-A11D-48B70D2F3347}
	EndGlobalSection
EndGlobal
